// !$*UTF8*$!
{
	archiveVersion = 1;
	classes = {
	};
	objectVersion = 50;
	objects = {

/* Begin PBXBuildFile section */
		9C0E66F624E5CC1300A11CC2 /* AppDelegate.swift in Sources */ = {isa = PBXBuildFile; fileRef = 9C0E66F524E5CC1300A11CC2 /* AppDelegate.swift */; };
		9C0E66F824E5CC1300A11CC2 /* SceneDelegate.swift in Sources */ = {isa = PBXBuildFile; fileRef = 9C0E66F724E5CC1300A11CC2 /* SceneDelegate.swift */; };
		9C0E66FA24E5CC1300A11CC2 /* ViewController.swift in Sources */ = {isa = PBXBuildFile; fileRef = 9C0E66F924E5CC1300A11CC2 /* ViewController.swift */; };
		9C0E66FD24E5CC1300A11CC2 /* Main.storyboard in Resources */ = {isa = PBXBuildFile; fileRef = 9C0E66FB24E5CC1300A11CC2 /* Main.storyboard */; };
		9C0E66FF24E5CC2400A11CC2 /* Assets.xcassets in Resources */ = {isa = PBXBuildFile; fileRef = 9C0E66FE24E5CC2400A11CC2 /* Assets.xcassets */; };
		9C0E670224E5CC2400A11CC2 /* LaunchScreen.storyboard in Resources */ = {isa = PBXBuildFile; fileRef = 9C0E670024E5CC2400A11CC2 /* LaunchScreen.storyboard */; };
/* End PBXBuildFile section */

/* Begin PBXFileReference section */
		9C0E66F224E5CC1300A11CC2 /* YoutubeAppTraining.app */ = {isa = PBXFileReference; explicitFileType = wrapper.application; includeInIndex = 0; path = YoutubeAppTraining.app; sourceTree = BUILT_PRODUCTS_DIR; };
		9C0E66F524E5CC1300A11CC2 /* AppDelegate.swift */ = {isa = PBXFileReference; lastKnownFileType = sourcecode.swift; path = AppDelegate.swift; sourceTree = "<group>"; };
		9C0E66F724E5CC1300A11CC2 /* SceneDelegate.swift */ = {isa = PBXFileReference; lastKnownFileType = sourcecode.swift; path = SceneDelegate.swift; sourceTree = "<group>"; };
		9C0E66F924E5CC1300A11CC2 /* ViewController.swift */ = {isa = PBXFileReference; lastKnownFileType = sourcecode.swift; path = ViewController.swift; sourceTree = "<group>"; };
		9C0E66FC24E5CC1300A11CC2 /* Base */ = {isa = PBXFileReference; lastKnownFileType = file.storyboard; name = Base; path = Base.lproj/Main.storyboard; sourceTree = "<group>"; };
		9C0E66FE24E5CC2400A11CC2 /* Assets.xcassets */ = {isa = PBXFileReference; lastKnownFileType = folder.assetcatalog; path = Assets.xcassets; sourceTree = "<group>"; };
		9C0E670124E5CC2400A11CC2 /* Base */ = {isa = PBXFileReference; lastKnownFileType = file.storyboard; name = Base; path = Base.lproj/LaunchScreen.storyboard; sourceTree = "<group>"; };
		9C0E670324E5CC2400A11CC2 /* Info.plist */ = {isa = PBXFileReference; lastKnownFileType = text.plist.xml; path = Info.plist; sourceTree = "<group>"; };
/* End PBXFileReference section */

/* Begin PBXFrameworksBuildPhase section */
		9C0E66EF24E5CC1300A11CC2 /* Frameworks */ = {
			isa = PBXFrameworksBuildPhase;
			buildActionMask = 2147483647;
			files = (
			);
			runOnlyForDeploymentPostprocessing = 0;
		};
/* End PBXFrameworksBuildPhase section */

/* Begin PBXGroup section */
		9C0E66E924E5CC1200A11CC2 = {
			isa = PBXGroup;
			children = (
				9C0E66F424E5CC1300A11CC2 /* YoutubeAppTraining */,
				9C0E66F324E5CC1300A11CC2 /* Products */,
			);
			sourceTree = "<group>";
		};
		9C0E66F324E5CC1300A11CC2 /* Products */ = {
			isa = PBXGroup;
			children = (
				9C0E66F224E5CC1300A11CC2 /* YoutubeAppTraining.app */,
			);
			name = Products;
			sourceTree = "<group>";
		};
		9C0E66F424E5CC1300A11CC2 /* YoutubeAppTraining */ = {
			isa = PBXGroup;
			children = (
				9C0E66F524E5CC1300A11CC2 /* AppDelegate.swift */,
				9C0E66F724E5CC1300A11CC2 /* SceneDelegate.swift */,
				9C0E66F924E5CC1300A11CC2 /* ViewController.swift */,
				9C0E66FB24E5CC1300A11CC2 /* Main.storyboard */,
				9C0E66FE24E5CC2400A11CC2 /* Assets.xcassets */,
				9C0E670024E5CC2400A11CC2 /* LaunchScreen.storyboard */,
				9C0E670324E5CC2400A11CC2 /* Info.plist */,
			);
			path = YoutubeAppTraining;
			sourceTree = "<group>";
		};
/* End PBXGroup section */

/* Begin PBXNativeTarget section */
		9C0E66F124E5CC1300A11CC2 /* YoutubeAppTraining */ = {
			isa = PBXNativeTarget;
			buildConfigurationList = 9C0E670624E5CC2400A11CC2 /* Build configuration list for PBXNativeTarget "YoutubeAppTraining" */;
			buildPhases = (
				9C0E66EE24E5CC1300A11CC2 /* Sources */,
				9C0E66EF24E5CC1300A11CC2 /* Frameworks */,
				9C0E66F024E5CC1300A11CC2 /* Resources */,
			);
			buildRules = (
			);
			dependencies = (
			);
			name = YoutubeAppTraining;
			productName = YoutubeAppTraining;
			productReference = 9C0E66F224E5CC1300A11CC2 /* YoutubeAppTraining.app */;
			productType = "com.apple.product-type.application";
		};
/* End PBXNativeTarget section */

/* Begin PBXProject section */
		9C0E66EA24E5CC1200A11CC2 /* Project object */ = {
			isa = PBXProject;
			attributes = {
				LastSwiftUpdateCheck = 1160;
				LastUpgradeCheck = 1160;
				ORGANIZATIONNAME = Marina;
				TargetAttributes = {
					9C0E66F124E5CC1300A11CC2 = {
						CreatedOnToolsVersion = 11.6;
					};
				};
			};
			buildConfigurationList = 9C0E66ED24E5CC1200A11CC2 /* Build configuration list for PBXProject "YoutubeAppTraining" */;
			compatibilityVersion = "Xcode 9.3";
			developmentRegion = en;
			hasScannedForEncodings = 0;
			knownRegions = (
				en,
				Base,
			);
			mainGroup = 9C0E66E924E5CC1200A11CC2;
			productRefGroup = 9C0E66F324E5CC1300A11CC2 /* Products */;
			projectDirPath = "";
			projectRoot = "";
			targets = (
				9C0E66F124E5CC1300A11CC2 /* YoutubeAppTraining */,
			);
		};
/* End PBXProject section */

/* Begin PBXResourcesBuildPhase section */
		9C0E66F024E5CC1300A11CC2 /* Resources */ = {
			isa = PBXResourcesBuildPhase;
			buildActionMask = 2147483647;
			files = (
				9C0E670224E5CC2400A11CC2 /* LaunchScreen.storyboard in Resources */,
				9C0E66FF24E5CC2400A11CC2 /* Assets.xcassets in Resources */,
				9C0E66FD24E5CC1300A11CC2 /* Main.storyboard in Resources */,
			);
			runOnlyForDeploymentPostprocessing = 0;
		};
/* End PBXResourcesBuildPhase section */

/* Begin PBXSourcesBuildPhase section */
		9C0E66EE24E5CC1300A11CC2 /* Sources */ = {
			isa = PBXSourcesBuildPhase;
			buildActionMask = 2147483647;
			files = (
				9C0E66FA24E5CC1300A11CC2 /* ViewController.swift in Sources */,
				9C0E66F624E5CC1300A11CC2 /* AppDelegate.swift in Sources */,
				9C0E66F824E5CC1300A11CC2 /* SceneDelegate.swift in Sources */,
			);
			runOnlyForDeploymentPostprocessing = 0;
		};
/* End PBXSourcesBuildPhase section */

/* Begin PBXVariantGroup section */
		9C0E66FB24E5CC1300A11CC2 /* Main.storyboard */ = {
			isa = PBXVariantGroup;
			children = (
				9C0E66FC24E5CC1300A11CC2 /* Base */,
			);
			name = Main.storyboard;
			sourceTree = "<group>";
		};
		9C0E670024E5CC2400A11CC2 /* LaunchScreen.storyboard */ = {
			isa = PBXVariantGroup;
			children = (
				9C0E670124E5CC2400A11CC2 /* Base */,
			);
			name = LaunchScreen.storyboard;
			sourceTree = "<group>";
		};
/* End PBXVariantGroup section */

/* Begin XCBuildConfiguration section */
		9C0E670424E5CC2400A11CC2 /* Debug */ = {
			isa = XCBuildConfiguration;
			buildSettings = {
				ALWAYS_SEARCH_USER_PATHS = NO;
				CLANG_ANALYZER_NONNULL = YES;
				CLANG_ANALYZER_NUMBER_OBJECT_CONVERSION = YES_AGGRESSIVE;
				CLANG_CXX_LANGUAGE_STANDARD = "gnu++14";
				CLANG_CXX_LIBRARY = "libc++";
				CLANG_ENABLE_MODULES = YES;
				CLANG_ENABLE_OBJC_ARC = YES;
				CLANG_ENABLE_OBJC_WEAK = YES;
				CLANG_WARN_BLOCK_CAPTURE_AUTORELEASING = YES;
				CLANG_WARN_BOOL_CONVERSION = YES;
				CLANG_WARN_COMMA = YES;
				CLANG_WARN_CONSTANT_CONVERSION = YES;
				CLANG_WARN_DEPRECATED_OBJC_IMPLEMENTATIONS = YES;
				CLANG_WARN_DIRECT_OBJC_ISA_USAGE = YES_ERROR;
				CLANG_WARN_DOCUMENTATION_COMMENTS = YES;
				CLANG_WARN_EMPTY_BODY = YES;
				CLANG_WARN_ENUM_CONVERSION = YES;
				CLANG_WARN_INFINITE_RECURSION = YES;
				CLANG_WARN_INT_CONVERSION = YES;
				CLANG_WARN_NON_LITERAL_NULL_CONVERSION = YES;
				CLANG_WARN_OBJC_IMPLICIT_RETAIN_SELF = YES;
				CLANG_WARN_OBJC_LITERAL_CONVERSION = YES;
				CLANG_WARN_OBJC_ROOT_CLASS = YES_ERROR;
				CLANG_WARN_RANGE_LOOP_ANALYSIS = YES;
				CLANG_WARN_STRICT_PROTOTYPES = YES;
				CLANG_WARN_SUSPICIOUS_MOVE = YES;
				CLANG_WARN_UNGUARDED_AVAILABILITY = YES_AGGRESSIVE;
				CLANG_WARN_UNREACHABLE_CODE = YES;
				CLANG_WARN__DUPLICATE_METHOD_MATCH = YES;
				COPY_PHASE_STRIP = NO;
				DEBUG_INFORMATION_FORMAT = dwarf;
				ENABLE_STRICT_OBJC_MSGSEND = YES;
				ENABLE_TESTABILITY = YES;
				GCC_C_LANGUAGE_STANDARD = gnu11;
				GCC_DYNAMIC_NO_PIC = NO;
				GCC_NO_COMMON_BLOCKS = YES;
				GCC_OPTIMIZATION_LEVEL = 0;
				GCC_PREPROCESSOR_DEFINITIONS = (
					"DEBUG=1",
					"$(inherited)",
				);
				GCC_WARN_64_TO_32_BIT_CONVERSION = YES;
				GCC_WARN_ABOUT_RETURN_TYPE = YES_ERROR;
				GCC_WARN_UNDECLARED_SELECTOR = YES;
				GCC_WARN_UNINITIALIZED_AUTOS = YES_AGGRESSIVE;
				GCC_WARN_UNUSED_FUNCTION = YES;
				GCC_WARN_UNUSED_VARIABLE = YES;
				IPHONEOS_DEPLOYMENT_TARGET = 13.6;
				MTL_ENABLE_DEBUG_INFO = INCLUDE_SOURCE;
				MTL_FAST_MATH = YES;
				ONLY_ACTIVE_ARCH = YES;
				SDKROOT = iphoneos;
				SWIFT_ACTIVE_COMPILATION_CONDITIONS = DEBUG;
				SWIFT_OPTIMIZATION_LEVEL = "-Onone";
			};
			name = Debug;
		};
		9C0E670524E5CC2400A11CC2 /* Release */ = {
			isa = XCBuildConfiguration;
			buildSettings = {
				ALWAYS_SEARCH_USER_PATHS = NO;
				CLANG_ANALYZER_NONNULL = YES;
				CLANG_ANALYZER_NUMBER_OBJECT_CONVERSION = YES_AGGRESSIVE;
				CLANG_CXX_LANGUAGE_STANDARD = "gnu++14";
				CLANG_CXX_LIBRARY = "libc++";
				CLANG_ENABLE_MODULES = YES;
				CLANG_ENABLE_OBJC_ARC = YES;
				CLANG_ENABLE_OBJC_WEAK = YES;
				CLANG_WARN_BLOCK_CAPTURE_AUTORELEASING = YES;
				CLANG_WARN_BOOL_CONVERSION = YES;
				CLANG_WARN_COMMA = YES;
				CLANG_WARN_CONSTANT_CONVERSION = YES;
				CLANG_WARN_DEPRECATED_OBJC_IMPLEMENTATIONS = YES;
				CLANG_WARN_DIRECT_OBJC_ISA_USAGE = YES_ERROR;
				CLANG_WARN_DOCUMENTATION_COMMENTS = YES;
				CLANG_WARN_EMPTY_BODY = YES;
				CLANG_WARN_ENUM_CONVERSION = YES;
				CLANG_WARN_INFINITE_RECURSION = YES;
				CLANG_WARN_INT_CONVERSION = YES;
				CLANG_WARN_NON_LITERAL_NULL_CONVERSION = YES;
				CLANG_WARN_OBJC_IMPLICIT_RETAIN_SELF = YES;
				CLANG_WARN_OBJC_LITERAL_CONVERSION = YES;
				CLANG_WARN_OBJC_ROOT_CLASS = YES_ERROR;
				CLANG_WARN_RANGE_LOOP_ANALYSIS = YES;
				CLANG_WARN_STRICT_PROTOTYPES = YES;
				CLANG_WARN_SUSPICIOUS_MOVE = YES;
				CLANG_WARN_UNGUARDED_AVAILABILITY = YES_AGGRESSIVE;
				CLANG_WARN_UNREACHABLE_CODE = YES;
				CLANG_WARN__DUPLICATE_METHOD_MATCH = YES;
				COPY_PHASE_STRIP = NO;
				DEBUG_INFORMATION_FORMAT = "dwarf-with-dsym";
				ENABLE_NS_ASSERTIONS = NO;
				ENABLE_STRICT_OBJC_MSGSEND = YES;
				GCC_C_LANGUAGE_STANDARD = gnu11;
				GCC_NO_COMMON_BLOCKS = YES;
				GCC_WARN_64_TO_32_BIT_CONVERSION = YES;
				GCC_WARN_ABOUT_RETURN_TYPE = YES_ERROR;
				GCC_WARN_UNDECLARED_SELECTOR = YES;
				GCC_WARN_UNINITIALIZED_AUTOS = YES_AGGRESSIVE;
				GCC_WARN_UNUSED_FUNCTION = YES;
				GCC_WARN_UNUSED_VARIABLE = YES;
				IPHONEOS_DEPLOYMENT_TARGET = 13.6;
				MTL_ENABLE_DEBUG_INFO = NO;
				MTL_FAST_MATH = YES;
				SDKROOT = iphoneos;
				SWIFT_COMPILATION_MODE = wholemodule;
				SWIFT_OPTIMIZATION_LEVEL = "-O";
				VALIDATE_PRODUCT = YES;
			};
			name = Release;
		};
		9C0E670724E5CC2400A11CC2 /* Debug */ = {
			isa = XCBuildConfiguration;
			buildSettings = {
				ASSETCATALOG_COMPILER_APPICON_NAME = AppIcon;
				CODE_SIGN_STYLE = Automatic;
				INFOPLIST_FILE = YoutubeAppTraining/Info.plist;
				LD_RUNPATH_SEARCH_PATHS = (
					"$(inherited)",
					"@executable_path/Frameworks",
				);
				PRODUCT_BUNDLE_IDENTIFIER = com.MarinaRiad.YoutubeAppTraining;
				PRODUCT_NAME = "$(TARGET_NAME)";
				SWIFT_VERSION = 5.0;
				TARGETED_DEVICE_FAMILY = "1,2";
			};
			name = Debug;
		};
		9C0E670824E5CC2400A11CC2 /* Release */ = {
			isa = XCBuildConfiguration;
			buildSettings = {
				ASSETCATALOG_COMPILER_APPICON_NAME = AppIcon;
				CODE_SIGN_STYLE = Automatic;
				INFOPLIST_FILE = YoutubeAppTraining/Info.plist;
				LD_RUNPATH_SEARCH_PATHS = (
					"$(inherited)",
					"@executable_path/Frameworks",
				);
				PRODUCT_BUNDLE_IDENTIFIER = com.MarinaRiad.YoutubeAppTraining;
				PRODUCT_NAME = "$(TARGET_NAME)";
				SWIFT_VERSION = 5.0;
				TARGETED_DEVICE_FAMILY = "1,2";
			};
			name = Release;
		};
/* End XCBuildConfiguration section */

/* Begin XCConfigurationList section */
		9C0E66ED24E5CC1200A11CC2 /* Build configuration list for PBXProject "YoutubeAppTraining" */ = {
			isa = XCConfigurationList;
			buildConfigurations = (
				9C0E670424E5CC2400A11CC2 /* Debug */,
				9C0E670524E5CC2400A11CC2 /* Release */,
			);
			defaultConfigurationIsVisible = 0;
			defaultConfigurationName = Release;
		};
		9C0E670624E5CC2400A11CC2 /* Build configuration list for PBXNativeTarget "YoutubeAppTraining" */ = {
			isa = XCConfigurationList;
			buildConfigurations = (
				9C0E670724E5CC2400A11CC2 /* Debug */,
				9C0E670824E5CC2400A11CC2 /* Release */,
			);
			defaultConfigurationIsVisible = 0;
			defaultConfigurationName = Release;
		};
/* End XCConfigurationList section */
	};
	rootObject = 9C0E66EA24E5CC1200A11CC2 /* Project object */;
}
